
Microsoft Visual Studio Solution File, Format Version 12.00
# Visual Studio Version 16
VisualStudioVersion = 16.0.32510.428
MinimumVisualStudioVersion = 10.0.40219.1
Project("{FAE04EC0-301F-11D3-BF4B-00C04F79EFBC}") = "Extensions", "Extensions\Extensions.csproj", "{3D9CEF7A-59F3-421A-A88A-0E21E809D5EE}"
EndProject
Global
	GlobalSection(SolutionConfigurationPlatforms) = preSolution
		Debug|Any CPU = Debug|Any CPU
		Release|Any CPU = Release|Any CPU
	EndGlobalSection
	GlobalSection(ProjectConfigurationPlatforms) = postSolution
		{3D9CEF7A-59F3-421A-A88A-0E21E809D5EE}.Debug|Any CPU.ActiveCfg = Debug|Any CPU
		{3D9CEF7A-59F3-421A-A88A-0E21E809D5EE}.Debug|Any CPU.Build.0 = Debug|Any CPU
		{3D9CEF7A-59F3-421A-A88A-0E21E809D5EE}.Release|Any CPU.ActiveCfg = Release|Any CPU
		{3D9CEF7A-59F3-421A-A88A-0E21E809D5EE}.Release|Any CPU.Build.0 = Release|Any CPU
	EndGlobalSection
	GlobalSection(SolutionProperties) = preSolution
		HideSolutionNode = FALSE
	EndGlobalSection
	GlobalSection(ExtensibilityGlobals) = postSolution
		SolutionGuid = {813847CC-4696-4BE8-9C8E-5F4A6B5B1B16}
	EndGlobalSection
EndGlobal
